// !$*UTF8*$!
{
	archiveVersion = 1;
	classes = {
	};
	objectVersion = 48;
	objects = {

/* Begin PBXBuildFile section */
		9433551520C5246E00C04399 /* Assets.xcassets in Resources */ = {isa = PBXBuildFile; fileRef = 9433551420C5246E00C04399 /* Assets.xcassets */; };
		9433552120C524B000C04399 /* AppDelegate.swift in Sources */ = {isa = PBXBuildFile; fileRef = 9433551F20C524AF00C04399 /* AppDelegate.swift */; };
		9433552220C524B000C04399 /* Launch Screen.storyboard in Resources */ = {isa = PBXBuildFile; fileRef = 9433552020C524AF00C04399 /* Launch Screen.storyboard */; };
		9433552D20C524B800C04399 /* PAWebView.swift in Sources */ = {isa = PBXBuildFile; fileRef = 9433552420C524B800C04399 /* PAWebView.swift */; };
		9433552E20C524B800C04399 /* PASMSHandle.swift in Sources */ = {isa = PBXBuildFile; fileRef = 9433552520C524B800C04399 /* PASMSHandle.swift */; };
		9433552F20C524B800C04399 /* PAWebViewController.swift in Sources */ = {isa = PBXBuildFile; fileRef = 9433552620C524B800C04399 /* PAWebViewController.swift */; };
		9433553020C524B800C04399 /* PAWebViewController+JSBridge.swift in Sources */ = {isa = PBXBuildFile; fileRef = 9433552720C524B800C04399 /* PAWebViewController+JSBridge.swift */; };
		9433553120C524B800C04399 /* UIScreen+Extension.swift in Sources */ = {isa = PBXBuildFile; fileRef = 9433552820C524B800C04399 /* UIScreen+Extension.swift */; };
		9433553220C524B800C04399 /* PATELHandle.swift in Sources */ = {isa = PBXBuildFile; fileRef = 9433552920C524B800C04399 /* PATELHandle.swift */; };
		9433553320C524B800C04399 /* PACookieSyncManager.swift in Sources */ = {isa = PBXBuildFile; fileRef = 9433552A20C524B800C04399 /* PACookieSyncManager.swift */; };
		9433553420C524B800C04399 /* PAKWebViewProgressView.swift in Sources */ = {isa = PBXBuildFile; fileRef = 9433552B20C524B800C04399 /* PAKWebViewProgressView.swift */; };
		9433553520C524B800C04399 /* PAScanHelper.swift in Sources */ = {isa = PBXBuildFile; fileRef = 9433552C20C524B800C04399 /* PAScanHelper.swift */; };
/* End PBXBuildFile section */

/* Begin PBXFileReference section */
		9433550A20C5246E00C04399 /* WebViewApp.app */ = {isa = PBXFileReference; explicitFileType = wrapper.application; includeInIndex = 0; path = WebViewApp.app; sourceTree = BUILT_PRODUCTS_DIR; };
		9433551420C5246E00C04399 /* Assets.xcassets */ = {isa = PBXFileReference; lastKnownFileType = folder.assetcatalog; path = Assets.xcassets; sourceTree = "<group>"; };
		9433551920C5246E00C04399 /* Info.plist */ = {isa = PBXFileReference; lastKnownFileType = text.plist.xml; path = Info.plist; sourceTree = "<group>"; };
		9433551F20C524AF00C04399 /* AppDelegate.swift */ = {isa = PBXFileReference; fileEncoding = 4; lastKnownFileType = sourcecode.swift; path = AppDelegate.swift; sourceTree = "<group>"; };
		9433552020C524AF00C04399 /* Launch Screen.storyboard */ = {isa = PBXFileReference; fileEncoding = 4; lastKnownFileType = file.storyboard; path = "Launch Screen.storyboard"; sourceTree = "<group>"; };
		9433552420C524B800C04399 /* PAWebView.swift */ = {isa = PBXFileReference; fileEncoding = 4; lastKnownFileType = sourcecode.swift; path = PAWebView.swift; sourceTree = "<group>"; };
		9433552520C524B800C04399 /* PASMSHandle.swift */ = {isa = PBXFileReference; fileEncoding = 4; lastKnownFileType = sourcecode.swift; path = PASMSHandle.swift; sourceTree = "<group>"; };
		9433552620C524B800C04399 /* PAWebViewController.swift */ = {isa = PBXFileReference; fileEncoding = 4; lastKnownFileType = sourcecode.swift; path = PAWebViewController.swift; sourceTree = "<group>"; };
		9433552720C524B800C04399 /* PAWebViewController+JSBridge.swift */ = {isa = PBXFileReference; fileEncoding = 4; lastKnownFileType = sourcecode.swift; path = "PAWebViewController+JSBridge.swift"; sourceTree = "<group>"; };
		9433552820C524B800C04399 /* UIScreen+Extension.swift */ = {isa = PBXFileReference; fileEncoding = 4; lastKnownFileType = sourcecode.swift; path = "UIScreen+Extension.swift"; sourceTree = "<group>"; };
		9433552920C524B800C04399 /* PATELHandle.swift */ = {isa = PBXFileReference; fileEncoding = 4; lastKnownFileType = sourcecode.swift; path = PATELHandle.swift; sourceTree = "<group>"; };
		9433552A20C524B800C04399 /* PACookieSyncManager.swift */ = {isa = PBXFileReference; fileEncoding = 4; lastKnownFileType = sourcecode.swift; path = PACookieSyncManager.swift; sourceTree = "<group>"; };
		9433552B20C524B800C04399 /* PAKWebViewProgressView.swift */ = {isa = PBXFileReference; fileEncoding = 4; lastKnownFileType = sourcecode.swift; path = PAKWebViewProgressView.swift; sourceTree = "<group>"; };
		9433552C20C524B800C04399 /* PAScanHelper.swift */ = {isa = PBXFileReference; fileEncoding = 4; lastKnownFileType = sourcecode.swift; path = PAScanHelper.swift; sourceTree = "<group>"; };
/* End PBXFileReference section */

/* Begin PBXFrameworksBuildPhase section */
		9433550720C5246E00C04399 /* Frameworks */ = {
			isa = PBXFrameworksBuildPhase;
			buildActionMask = 2147483647;
			files = (
			);
			runOnlyForDeploymentPostprocessing = 0;
		};
/* End PBXFrameworksBuildPhase section */

/* Begin PBXGroup section */
		9433550120C5246E00C04399 = {
			isa = PBXGroup;
			children = (
				9433550C20C5246E00C04399 /* WebViewApp */,
				9433550B20C5246E00C04399 /* Products */,
			);
			sourceTree = "<group>";
		};
		9433550B20C5246E00C04399 /* Products */ = {
			isa = PBXGroup;
			children = (
				9433550A20C5246E00C04399 /* WebViewApp.app */,
			);
			name = Products;
			sourceTree = "<group>";
		};
		9433550C20C5246E00C04399 /* WebViewApp */ = {
			isa = PBXGroup;
			children = (
				9433551F20C524AF00C04399 /* AppDelegate.swift */,
				9433552020C524AF00C04399 /* Launch Screen.storyboard */,
				9433552320C524B800C04399 /* webView */,
				9433551420C5246E00C04399 /* Assets.xcassets */,
				9433551920C5246E00C04399 /* Info.plist */,
			);
			path = WebViewApp;
			sourceTree = "<group>";
		};
		9433552320C524B800C04399 /* webView */ = {
			isa = PBXGroup;
			children = (
				9433552420C524B800C04399 /* PAWebView.swift */,
				9433552520C524B800C04399 /* PASMSHandle.swift */,
				9433552620C524B800C04399 /* PAWebViewController.swift */,
				9433552720C524B800C04399 /* PAWebViewController+JSBridge.swift */,
				9433552820C524B800C04399 /* UIScreen+Extension.swift */,
				9433552920C524B800C04399 /* PATELHandle.swift */,
				9433552A20C524B800C04399 /* PACookieSyncManager.swift */,
				9433552B20C524B800C04399 /* PAKWebViewProgressView.swift */,
				9433552C20C524B800C04399 /* PAScanHelper.swift */,
			);
			path = webView;
			sourceTree = "<group>";
		};
/* End PBXGroup section */

/* Begin PBXNativeTarget section */
		9433550920C5246E00C04399 /* WebViewApp */ = {
			isa = PBXNativeTarget;
			buildConfigurationList = 9433551C20C5246E00C04399 /* Build configuration list for PBXNativeTarget "WebViewApp" */;
			buildPhases = (
				9433550620C5246E00C04399 /* Sources */,
				9433550720C5246E00C04399 /* Frameworks */,
				9433550820C5246E00C04399 /* Resources */,
			);
			buildRules = (
			);
			dependencies = (
			);
			name = WebViewApp;
			productName = WebViewApp;
			productReference = 9433550A20C5246E00C04399 /* WebViewApp.app */;
			productType = "com.apple.product-type.application";
		};
/* End PBXNativeTarget section */

/* Begin PBXProject section */
		9433550220C5246E00C04399 /* Project object */ = {
			isa = PBXProject;
			attributes = {
				LastSwiftUpdateCheck = 0920;
				LastUpgradeCheck = 0920;
				ORGANIZATIONNAME = com.pa.com;
				TargetAttributes = {
					9433550920C5246E00C04399 = {
						CreatedOnToolsVersion = 9.2;
						LastSwiftMigration = 0920;
						ProvisioningStyle = Automatic;
					};
				};
			};
			buildConfigurationList = 9433550520C5246E00C04399 /* Build configuration list for PBXProject "WebViewApp" */;
			compatibilityVersion = "Xcode 8.0";
			developmentRegion = en;
			hasScannedForEncodings = 0;
			knownRegions = (
				en,
				Base,
			);
			mainGroup = 9433550120C5246E00C04399;
			productRefGroup = 9433550B20C5246E00C04399 /* Products */;
			projectDirPath = "";
			projectRoot = "";
			targets = (
				9433550920C5246E00C04399 /* WebViewApp */,
			);
		};
/* End PBXProject section */

/* Begin PBXResourcesBuildPhase section */
		9433550820C5246E00C04399 /* Resources */ = {
			isa = PBXResourcesBuildPhase;
			buildActionMask = 2147483647;
			files = (
				9433552220C524B000C04399 /* Launch Screen.storyboard in Resources */,
				9433551520C5246E00C04399 /* Assets.xcassets in Resources */,
			);
			runOnlyForDeploymentPostprocessing = 0;
		};
/* End PBXResourcesBuildPhase section */

/* Begin PBXSourcesBuildPhase section */
		9433550620C5246E00C04399 /* Sources */ = {
			isa = PBXSourcesBuildPhase;
			buildActionMask = 2147483647;
			files = (
				9433553420C524B800C04399 /* PAKWebViewProgressView.swift in Sources */,
				9433553020C524B800C04399 /* PAWebViewController+JSBridge.swift in Sources */,
				9433552E20C524B800C04399 /* PASMSHandle.swift in Sources */,
				9433552D20C524B800C04399 /* PAWebView.swift in Sources */,
				9433552F20C524B800C04399 /* PAWebViewController.swift in Sources */,
				9433552120C524B000C04399 /* AppDelegate.swift in Sources */,
				9433553220C524B800C04399 /* PATELHandle.swift in Sources */,
				9433553120C524B800C04399 /* UIScreen+Extension.swift in Sources */,
				9433553320C524B800C04399 /* PACookieSyncManager.swift in Sources */,
				9433553520C524B800C04399 /* PAScanHelper.swift in Sources */,
			);
			runOnlyForDeploymentPostprocessing = 0;
		};
/* End PBXSourcesBuildPhase section */

/* Begin XCBuildConfiguration section */
		9433551A20C5246E00C04399 /* Debug */ = {
			isa = XCBuildConfiguration;
			buildSettings = {
				ALWAYS_SEARCH_USER_PATHS = NO;
				CLANG_ANALYZER_NONNULL = YES;
				CLANG_ANALYZER_NUMBER_OBJECT_CONVERSION = YES_AGGRESSIVE;
				CLANG_CXX_LANGUAGE_STANDARD = "gnu++14";
				CLANG_CXX_LIBRARY = "libc++";
				CLANG_ENABLE_MODULES = YES;
				CLANG_ENABLE_OBJC_ARC = YES;
				CLANG_WARN_BLOCK_CAPTURE_AUTORELEASING = YES;
				CLANG_WARN_BOOL_CONVERSION = YES;
				CLANG_WARN_COMMA = YES;
				CLANG_WARN_CONSTANT_CONVERSION = YES;
				CLANG_WARN_DIRECT_OBJC_ISA_USAGE = YES_ERROR;
				CLANG_WARN_DOCUMENTATION_COMMENTS = YES;
				CLANG_WARN_EMPTY_BODY = YES;
				CLANG_WARN_ENUM_CONVERSION = YES;
				CLANG_WARN_INFINITE_RECURSION = YES;
				CLANG_WARN_INT_CONVERSION = YES;
				CLANG_WARN_NON_LITERAL_NULL_CONVERSION = YES;
				CLANG_WARN_OBJC_LITERAL_CONVERSION = YES;
				CLANG_WARN_OBJC_ROOT_CLASS = YES_ERROR;
				CLANG_WARN_RANGE_LOOP_ANALYSIS = YES;
				CLANG_WARN_STRICT_PROTOTYPES = YES;
				CLANG_WARN_SUSPICIOUS_MOVE = YES;
				CLANG_WARN_UNGUARDED_AVAILABILITY = YES_AGGRESSIVE;
				CLANG_WARN_UNREACHABLE_CODE = YES;
				CLANG_WARN__DUPLICATE_METHOD_MATCH = YES;
				CODE_SIGN_IDENTITY = "iPhone Developer";
				COPY_PHASE_STRIP = NO;
				DEBUG_INFORMATION_FORMAT = dwarf;
				ENABLE_STRICT_OBJC_MSGSEND = YES;
				ENABLE_TESTABILITY = YES;
				GCC_C_LANGUAGE_STANDARD = gnu11;
				GCC_DYNAMIC_NO_PIC = NO;
				GCC_NO_COMMON_BLOCKS = YES;
				GCC_OPTIMIZATION_LEVEL = 0;
				GCC_PREPROCESSOR_DEFINITIONS = (
					"DEBUG=1",
					"$(inherited)",
				);
				GCC_WARN_64_TO_32_BIT_CONVERSION = YES;
				GCC_WARN_ABOUT_RETURN_TYPE = YES_ERROR;
				GCC_WARN_UNDECLARED_SELECTOR = YES;
				GCC_WARN_UNINITIALIZED_AUTOS = YES_AGGRESSIVE;
				GCC_WARN_UNUSED_FUNCTION = YES;
				GCC_WARN_UNUSED_VARIABLE = YES;
				IPHONEOS_DEPLOYMENT_TARGET = 11.2;
				MTL_ENABLE_DEBUG_INFO = YES;
				ONLY_ACTIVE_ARCH = YES;
				SDKROOT = iphoneos;
				SWIFT_ACTIVE_COMPILATION_CONDITIONS = DEBUG;
				SWIFT_OPTIMIZATION_LEVEL = "-Onone";
			};
			name = Debug;
		};
		9433551B20C5246E00C04399 /* Release */ = {
			isa = XCBuildConfiguration;
			buildSettings = {
				ALWAYS_SEARCH_USER_PATHS = NO;
				CLANG_ANALYZER_NONNULL = YES;
				CLANG_ANALYZER_NUMBER_OBJECT_CONVERSION = YES_AGGRESSIVE;
				CLANG_CXX_LANGUAGE_STANDARD = "gnu++14";
				CLANG_CXX_LIBRARY = "libc++";
				CLANG_ENABLE_MODULES = YES;
				CLANG_ENABLE_OBJC_ARC = YES;
				CLANG_WARN_BLOCK_CAPTURE_AUTORELEASING = YES;
				CLANG_WARN_BOOL_CONVERSION = YES;
				CLANG_WARN_COMMA = YES;
				CLANG_WARN_CONSTANT_CONVERSION = YES;
				CLANG_WARN_DIRECT_OBJC_ISA_USAGE = YES_ERROR;
				CLANG_WARN_DOCUMENTATION_COMMENTS = YES;
				CLANG_WARN_EMPTY_BODY = YES;
				CLANG_WARN_ENUM_CONVERSION = YES;
				CLANG_WARN_INFINITE_RECURSION = YES;
				CLANG_WARN_INT_CONVERSION = YES;
				CLANG_WARN_NON_LITERAL_NULL_CONVERSION = YES;
				CLANG_WARN_OBJC_LITERAL_CONVERSION = YES;
				CLANG_WARN_OBJC_ROOT_CLASS = YES_ERROR;
				CLANG_WARN_RANGE_LOOP_ANALYSIS = YES;
				CLANG_WARN_STRICT_PROTOTYPES = YES;
				CLANG_WARN_SUSPICIOUS_MOVE = YES;
				CLANG_WARN_UNGUARDED_AVAILABILITY = YES_AGGRESSIVE;
				CLANG_WARN_UNREACHABLE_CODE = YES;
				CLANG_WARN__DUPLICATE_METHOD_MATCH = YES;
				CODE_SIGN_IDENTITY = "iPhone Developer";
				COPY_PHASE_STRIP = NO;
				DEBUG_INFORMATION_FORMAT = "dwarf-with-dsym";
				ENABLE_NS_ASSERTIONS = NO;
				ENABLE_STRICT_OBJC_MSGSEND = YES;
				GCC_C_LANGUAGE_STANDARD = gnu11;
				GCC_NO_COMMON_BLOCKS = YES;
				GCC_WARN_64_TO_32_BIT_CONVERSION = YES;
				GCC_WARN_ABOUT_RETURN_TYPE = YES_ERROR;
				GCC_WARN_UNDECLARED_SELECTOR = YES;
				GCC_WARN_UNINITIALIZED_AUTOS = YES_AGGRESSIVE;
				GCC_WARN_UNUSED_FUNCTION = YES;
				GCC_WARN_UNUSED_VARIABLE = YES;
				IPHONEOS_DEPLOYMENT_TARGET = 11.2;
				MTL_ENABLE_DEBUG_INFO = NO;
				SDKROOT = iphoneos;
				SWIFT_OPTIMIZATION_LEVEL = "-Owholemodule";
				VALIDATE_PRODUCT = YES;
			};
			name = Release;
		};
		9433551D20C5246E00C04399 /* Debug */ = {
			isa = XCBuildConfiguration;
			buildSettings = {
				ASSETCATALOG_COMPILER_APPICON_NAME = AppIcon;
				CLANG_ENABLE_MODULES = YES;
				CODE_SIGN_STYLE = Automatic;
				INFOPLIST_FILE = WebViewApp/Info.plist;
				IPHONEOS_DEPLOYMENT_TARGET = 8.0;
				LD_RUNPATH_SEARCH_PATHS = "$(inherited) @executable_path/Frameworks";
				PRODUCT_BUNDLE_IDENTIFIER = com.pa.com.WebViewApp;
				PRODUCT_NAME = "$(TARGET_NAME)";
				SWIFT_OPTIMIZATION_LEVEL = "-Onone";
				SWIFT_VERSION = 4.0;
				TARGETED_DEVICE_FAMILY = "1,2";
			};
			name = Debug;
		};
		9433551E20C5246E00C04399 /* Release */ = {
			isa = XCBuildConfiguration;
			buildSettings = {
				ASSETCATALOG_COMPILER_APPICON_NAME = AppIcon;
				CLANG_ENABLE_MODULES = YES;
				CODE_SIGN_STYLE = Automatic;
				INFOPLIST_FILE = WebViewApp/Info.plist;
				IPHONEOS_DEPLOYMENT_TARGET = 8.0;
				LD_RUNPATH_SEARCH_PATHS = "$(inherited) @executable_path/Frameworks";
				PRODUCT_BUNDLE_IDENTIFIER = com.pa.com.WebViewApp;
				PRODUCT_NAME = "$(TARGET_NAME)";
				SWIFT_VERSION = 4.0;
				TARGETED_DEVICE_FAMILY = "1,2";
			};
			name = Release;
		};
/* End XCBuildConfiguration section */

/* Begin XCConfigurationList section */
		9433550520C5246E00C04399 /* Build configuration list for PBXProject "WebViewApp" */ = {
			isa = XCConfigurationList;
			buildConfigurations = (
				9433551A20C5246E00C04399 /* Debug */,
				9433551B20C5246E00C04399 /* Release */,
			);
			defaultConfigurationIsVisible = 0;
			defaultConfigurationName = Release;
		};
		9433551C20C5246E00C04399 /* Build configuration list for PBXNativeTarget "WebViewApp" */ = {
			isa = XCConfigurationList;
			buildConfigurations = (
				9433551D20C5246E00C04399 /* Debug */,
				9433551E20C5246E00C04399 /* Release */,
			);
			defaultConfigurationIsVisible = 0;
			defaultConfigurationName = Release;
		};
/* End XCConfigurationList section */
	};
	rootObject = 9433550220C5246E00C04399 /* Project object */;
}
